
Microsoft Visual Studio Solution File, Format Version 12.00
# Visual Studio Version 16
VisualStudioVersion = 16.0.30804.86
MinimumVisualStudioVersion = 10.0.40219.1
Project("{FAE04EC0-301F-11D3-BF4B-00C04F79EFBC}") = "CopyRecursive", "CopyRecursive.csproj", "{F86D922C-A9D5-4D7B-A54A-D53195CF09D6}"
EndProject
Global
	GlobalSection(SolutionConfigurationPlatforms) = preSolution
		Debug|Any CPU = Debug|Any CPU
		Release|Any CPU = Release|Any CPU
	EndGlobalSection
	GlobalSection(ProjectConfigurationPlatforms) = postSolution
		{F86D922C-A9D5-4D7B-A54A-D53195CF09D6}.Debug|Any CPU.ActiveCfg = Debug|Any CPU
		{F86D922C-A9D5-4D7B-A54A-D53195CF09D6}.Debug|Any CPU.Build.0 = Debug|Any CPU
		{F86D922C-A9D5-4D7B-A54A-D53195CF09D6}.Release|Any CPU.ActiveCfg = Release|Any CPU
		{F86D922C-A9D5-4D7B-A54A-D53195CF09D6}.Release|Any CPU.Build.0 = Release|Any CPU
	EndGlobalSection
	GlobalSection(SolutionProperties) = preSolution
		HideSolutionNode = FALSE
	EndGlobalSection
	GlobalSection(ExtensibilityGlobals) = postSolution
		SolutionGuid = {B429815D-44B2-4A10-8EA7-36CEFFD12411}
	EndGlobalSection
EndGlobal
